// !$*UTF8*$!
{
	archiveVersion = 1;
	classes = {
	};
	objectVersion = 46;
	objects = {

/* Begin PBXBuildFile section */
		1291D27E1994ACE800E67342 /* Foundation.framework in Frameworks */ = {isa = PBXBuildFile; fileRef = 1291D27D1994ACE800E67342 /* Foundation.framework */; };
		1291D2801994ACE800E67342 /* CoreGraphics.framework in Frameworks */ = {isa = PBXBuildFile; fileRef = 1291D27F1994ACE800E67342 /* CoreGraphics.framework */; };
		1291D2821994ACE800E67342 /* UIKit.framework in Frameworks */ = {isa = PBXBuildFile; fileRef = 1291D2811994ACE800E67342 /* UIKit.framework */; };
		1291D2881994ACE800E67342 /* InfoPlist.strings in Resources */ = {isa = PBXBuildFile; fileRef = 1291D2861994ACE800E67342 /* InfoPlist.strings */; };
		1291D28A1994ACE800E67342 /* main.m in Sources */ = {isa = PBXBuildFile; fileRef = 1291D2891994ACE800E67342 /* main.m */; };
		1291D28E1994ACE800E67342 /* PTAppDelegate.m in Sources */ = {isa = PBXBuildFile; fileRef = 1291D28D1994ACE800E67342 /* PTAppDelegate.m */; };
		1291D2901994ACE800E67342 /* Images.xcassets in Resources */ = {isa = PBXBuildFile; fileRef = 1291D28F1994ACE800E67342 /* Images.xcassets */; };
		1291D2971994ACE800E67342 /* XCTest.framework in Frameworks */ = {isa = PBXBuildFile; fileRef = 1291D2961994ACE800E67342 /* XCTest.framework */; };
		1291D2981994ACE800E67342 /* Foundation.framework in Frameworks */ = {isa = PBXBuildFile; fileRef = 1291D27D1994ACE800E67342 /* Foundation.framework */; };
		1291D2991994ACE800E67342 /* UIKit.framework in Frameworks */ = {isa = PBXBuildFile; fileRef = 1291D2811994ACE800E67342 /* UIKit.framework */; };
		1291D2A11994ACE800E67342 /* InfoPlist.strings in Resources */ = {isa = PBXBuildFile; fileRef = 1291D29F1994ACE800E67342 /* InfoPlist.strings */; };
		1291D2A31994ACE800E67342 /* NothingTests.m in Sources */ = {isa = PBXBuildFile; fileRef = 1291D2A21994ACE800E67342 /* NothingTests.m */; };
		1291D2B21994B47800E67342 /* PTMapViewController.m in Sources */ = {isa = PBXBuildFile; fileRef = 1291D2B11994B47800E67342 /* PTMapViewController.m */; };
		1291D2B41994B4C200E67342 /* libstdc++.6.0.9.dylib in Frameworks */ = {isa = PBXBuildFile; fileRef = 1291D2B31994B4C200E67342 /* libstdc++.6.0.9.dylib */; };
		1291D2B61994B4EF00E67342 /* Security.framework in Frameworks */ = {isa = PBXBuildFile; fileRef = 1291D2B51994B4EF00E67342 /* Security.framework */; };
		1291D2B81994B4F500E67342 /* QuartzCore.framework in Frameworks */ = {isa = PBXBuildFile; fileRef = 1291D2B71994B4F500E67342 /* QuartzCore.framework */; };
		1291D2BA1994B4FD00E67342 /* libz.dylib in Frameworks */ = {isa = PBXBuildFile; fileRef = 1291D2B91994B4FD00E67342 /* libz.dylib */; };
		1291D2BC1994B50C00E67342 /* SystemConfiguration.framework in Frameworks */ = {isa = PBXBuildFile; fileRef = 1291D2BB1994B50C00E67342 /* SystemConfiguration.framework */; };
		1291D2BE1994B51800E67342 /* CoreTelephony.framework in Frameworks */ = {isa = PBXBuildFile; fileRef = 1291D2BD1994B51800E67342 /* CoreTelephony.framework */; };
		1291D2C01994B51E00E67342 /* CoreLocation.framework in Frameworks */ = {isa = PBXBuildFile; fileRef = 1291D2BF1994B51E00E67342 /* CoreLocation.framework */; };
		1291D2C21994B52800E67342 /* libstdc++.dylib in Frameworks */ = {isa = PBXBuildFile; fileRef = 1291D2C11994B52800E67342 /* libstdc++.dylib */; };
		1291D2C41994B56200E67342 /* MAMapKit.framework in Frameworks */ = {isa = PBXBuildFile; fileRef = 1291D2C31994B56200E67342 /* MAMapKit.framework */; };
		1291D2C61994B56C00E67342 /* AMapSearchKit.framework in Frameworks */ = {isa = PBXBuildFile; fileRef = 1291D2C51994B56C00E67342 /* AMapSearchKit.framework */; };
		1291D2C81994B57E00E67342 /* AMap.bundle in Resources */ = {isa = PBXBuildFile; fileRef = 1291D2C71994B57E00E67342 /* AMap.bundle */; };
/* End PBXBuildFile section */

/* Begin PBXContainerItemProxy section */
		1291D29A1994ACE800E67342 /* PBXContainerItemProxy */ = {
			isa = PBXContainerItemProxy;
			containerPortal = 1291D2721994ACE800E67342 /* Project object */;
			proxyType = 1;
			remoteGlobalIDString = 1291D2791994ACE800E67342;
			remoteInfo = Nothing;
		};
/* End PBXContainerItemProxy section */

/* Begin PBXFileReference section */
		1291D27A1994ACE800E67342 /* Nothing.app */ = {isa = PBXFileReference; explicitFileType = wrapper.application; includeInIndex = 0; path = Nothing.app; sourceTree = BUILT_PRODUCTS_DIR; };
		1291D27D1994ACE800E67342 /* Foundation.framework */ = {isa = PBXFileReference; lastKnownFileType = wrapper.framework; name = Foundation.framework; path = System/Library/Frameworks/Foundation.framework; sourceTree = SDKROOT; };
		1291D27F1994ACE800E67342 /* CoreGraphics.framework */ = {isa = PBXFileReference; lastKnownFileType = wrapper.framework; name = CoreGraphics.framework; path = System/Library/Frameworks/CoreGraphics.framework; sourceTree = SDKROOT; };
		1291D2811994ACE800E67342 /* UIKit.framework */ = {isa = PBXFileReference; lastKnownFileType = wrapper.framework; name = UIKit.framework; path = System/Library/Frameworks/UIKit.framework; sourceTree = SDKROOT; };
		1291D2851994ACE800E67342 /* Nothing-Info.plist */ = {isa = PBXFileReference; lastKnownFileType = text.plist.xml; path = "Nothing-Info.plist"; sourceTree = "<group>"; };
		1291D2871994ACE800E67342 /* en */ = {isa = PBXFileReference; lastKnownFileType = text.plist.strings; name = en; path = en.lproj/InfoPlist.strings; sourceTree = "<group>"; };
		1291D2891994ACE800E67342 /* main.m */ = {isa = PBXFileReference; lastKnownFileType = sourcecode.c.objc; path = main.m; sourceTree = "<group>"; };
		1291D28B1994ACE800E67342 /* Nothing-Prefix.pch */ = {isa = PBXFileReference; lastKnownFileType = sourcecode.c.h; path = "Nothing-Prefix.pch"; sourceTree = "<group>"; };
		1291D28C1994ACE800E67342 /* PTAppDelegate.h */ = {isa = PBXFileReference; lastKnownFileType = sourcecode.c.h; path = PTAppDelegate.h; sourceTree = "<group>"; };
		1291D28D1994ACE800E67342 /* PTAppDelegate.m */ = {isa = PBXFileReference; lastKnownFileType = sourcecode.c.objc; path = PTAppDelegate.m; sourceTree = "<group>"; };
		1291D28F1994ACE800E67342 /* Images.xcassets */ = {isa = PBXFileReference; lastKnownFileType = folder.assetcatalog; path = Images.xcassets; sourceTree = "<group>"; };
		1291D2951994ACE800E67342 /* NothingTests.xctest */ = {isa = PBXFileReference; explicitFileType = wrapper.cfbundle; includeInIndex = 0; path = NothingTests.xctest; sourceTree = BUILT_PRODUCTS_DIR; };
		1291D2961994ACE800E67342 /* XCTest.framework */ = {isa = PBXFileReference; lastKnownFileType = wrapper.framework; name = XCTest.framework; path = Library/Frameworks/XCTest.framework; sourceTree = DEVELOPER_DIR; };
		1291D29E1994ACE800E67342 /* NothingTests-Info.plist */ = {isa = PBXFileReference; lastKnownFileType = text.plist.xml; path = "NothingTests-Info.plist"; sourceTree = "<group>"; };
		1291D2A01994ACE800E67342 /* en */ = {isa = PBXFileReference; lastKnownFileType = text.plist.strings; name = en; path = en.lproj/InfoPlist.strings; sourceTree = "<group>"; };
		1291D2A21994ACE800E67342 /* NothingTests.m */ = {isa = PBXFileReference; lastKnownFileType = sourcecode.c.objc; path = NothingTests.m; sourceTree = "<group>"; };
		1291D2B01994B47800E67342 /* PTMapViewController.h */ = {isa = PBXFileReference; fileEncoding = 4; lastKnownFileType = sourcecode.c.h; path = PTMapViewController.h; sourceTree = "<group>"; };
		1291D2B11994B47800E67342 /* PTMapViewController.m */ = {isa = PBXFileReference; fileEncoding = 4; lastKnownFileType = sourcecode.c.objc; path = PTMapViewController.m; sourceTree = "<group>"; };
		1291D2B31994B4C200E67342 /* libstdc++.6.0.9.dylib */ = {isa = PBXFileReference; lastKnownFileType = "compiled.mach-o.dylib"; name = "libstdc++.6.0.9.dylib"; path = "usr/lib/libstdc++.6.0.9.dylib"; sourceTree = SDKROOT; };
		1291D2B51994B4EF00E67342 /* Security.framework */ = {isa = PBXFileReference; lastKnownFileType = wrapper.framework; name = Security.framework; path = System/Library/Frameworks/Security.framework; sourceTree = SDKROOT; };
		1291D2B71994B4F500E67342 /* QuartzCore.framework */ = {isa = PBXFileReference; lastKnownFileType = wrapper.framework; name = QuartzCore.framework; path = System/Library/Frameworks/QuartzCore.framework; sourceTree = SDKROOT; };
		1291D2B91994B4FD00E67342 /* libz.dylib */ = {isa = PBXFileReference; lastKnownFileType = "compiled.mach-o.dylib"; name = libz.dylib; path = usr/lib/libz.dylib; sourceTree = SDKROOT; };
		1291D2BB1994B50C00E67342 /* SystemConfiguration.framework */ = {isa = PBXFileReference; lastKnownFileType = wrapper.framework; name = SystemConfiguration.framework; path = System/Library/Frameworks/SystemConfiguration.framework; sourceTree = SDKROOT; };
		1291D2BD1994B51800E67342 /* CoreTelephony.framework */ = {isa = PBXFileReference; lastKnownFileType = wrapper.framework; name = CoreTelephony.framework; path = System/Library/Frameworks/CoreTelephony.framework; sourceTree = SDKROOT; };
		1291D2BF1994B51E00E67342 /* CoreLocation.framework */ = {isa = PBXFileReference; lastKnownFileType = wrapper.framework; name = CoreLocation.framework; path = System/Library/Frameworks/CoreLocation.framework; sourceTree = SDKROOT; };
		1291D2C11994B52800E67342 /* libstdc++.dylib */ = {isa = PBXFileReference; lastKnownFileType = "compiled.mach-o.dylib"; name = "libstdc++.dylib"; path = "usr/lib/libstdc++.dylib"; sourceTree = SDKROOT; };
		1291D2C31994B56200E67342 /* MAMapKit.framework */ = {isa = PBXFileReference; lastKnownFileType = wrapper.framework; name = MAMapKit.framework; path = ../../AMap_iOS_API_Lib_V2.2.1/2D/MAMapKit.framework; sourceTree = "<group>"; };
		1291D2C51994B56C00E67342 /* AMapSearchKit.framework */ = {isa = PBXFileReference; lastKnownFileType = wrapper.framework; name = AMapSearchKit.framework; path = ../../AMap_iOS_API_Lib_V2.2.1/Search/AMapSearchKit.framework; sourceTree = "<group>"; };
		1291D2C71994B57E00E67342 /* AMap.bundle */ = {isa = PBXFileReference; lastKnownFileType = "wrapper.plug-in"; path = AMap.bundle; sourceTree = "<group>"; };
/* End PBXFileReference section */

/* Begin PBXFrameworksBuildPhase section */
		1291D2771994ACE800E67342 /* Frameworks */ = {
			isa = PBXFrameworksBuildPhase;
			buildActionMask = 2147483647;
			files = (
				1291D2C61994B56C00E67342 /* AMapSearchKit.framework in Frameworks */,
				1291D2C41994B56200E67342 /* MAMapKit.framework in Frameworks */,
				1291D2C21994B52800E67342 /* libstdc++.dylib in Frameworks */,
				1291D2C01994B51E00E67342 /* CoreLocation.framework in Frameworks */,
				1291D2BE1994B51800E67342 /* CoreTelephony.framework in Frameworks */,
				1291D2BC1994B50C00E67342 /* SystemConfiguration.framework in Frameworks */,
				1291D2BA1994B4FD00E67342 /* libz.dylib in Frameworks */,
				1291D2B81994B4F500E67342 /* QuartzCore.framework in Frameworks */,
				1291D2B61994B4EF00E67342 /* Security.framework in Frameworks */,
				1291D2B41994B4C200E67342 /* libstdc++.6.0.9.dylib in Frameworks */,
				1291D2801994ACE800E67342 /* CoreGraphics.framework in Frameworks */,
				1291D2821994ACE800E67342 /* UIKit.framework in Frameworks */,
				1291D27E1994ACE800E67342 /* Foundation.framework in Frameworks */,
			);
			runOnlyForDeploymentPostprocessing = 0;
		};
		1291D2921994ACE800E67342 /* Frameworks */ = {
			isa = PBXFrameworksBuildPhase;
			buildActionMask = 2147483647;
			files = (
				1291D2971994ACE800E67342 /* XCTest.framework in Frameworks */,
				1291D2991994ACE800E67342 /* UIKit.framework in Frameworks */,
				1291D2981994ACE800E67342 /* Foundation.framework in Frameworks */,
			);
			runOnlyForDeploymentPostprocessing = 0;
		};
/* End PBXFrameworksBuildPhase section */

/* Begin PBXGroup section */
		1291D2711994ACE800E67342 = {
			isa = PBXGroup;
			children = (
				1291D2831994ACE800E67342 /* Nothing */,
				1291D29C1994ACE800E67342 /* NothingTests */,
				1291D27C1994ACE800E67342 /* Frameworks */,
				1291D27B1994ACE800E67342 /* Products */,
			);
			sourceTree = "<group>";
		};
		1291D27B1994ACE800E67342 /* Products */ = {
			isa = PBXGroup;
			children = (
				1291D27A1994ACE800E67342 /* Nothing.app */,
				1291D2951994ACE800E67342 /* NothingTests.xctest */,
			);
			name = Products;
			sourceTree = "<group>";
		};
		1291D27C1994ACE800E67342 /* Frameworks */ = {
			isa = PBXGroup;
			children = (
				1291D2C51994B56C00E67342 /* AMapSearchKit.framework */,
				1291D2C31994B56200E67342 /* MAMapKit.framework */,
				1291D2C11994B52800E67342 /* libstdc++.dylib */,
				1291D2BF1994B51E00E67342 /* CoreLocation.framework */,
				1291D2BD1994B51800E67342 /* CoreTelephony.framework */,
				1291D2BB1994B50C00E67342 /* SystemConfiguration.framework */,
				1291D2B91994B4FD00E67342 /* libz.dylib */,
				1291D2B71994B4F500E67342 /* QuartzCore.framework */,
				1291D2B51994B4EF00E67342 /* Security.framework */,
				1291D2B31994B4C200E67342 /* libstdc++.6.0.9.dylib */,
				1291D27D1994ACE800E67342 /* Foundation.framework */,
				1291D27F1994ACE800E67342 /* CoreGraphics.framework */,
				1291D2811994ACE800E67342 /* UIKit.framework */,
				1291D2961994ACE800E67342 /* XCTest.framework */,
			);
			name = Frameworks;
			sourceTree = "<group>";
		};
		1291D2831994ACE800E67342 /* Nothing */ = {
			isa = PBXGroup;
			children = (
				1291D2AF1994B45A00E67342 /* ThirdLib */,
				1291D2AE1994B44D00E67342 /* Controller */,
				1291D2AD1994B44600E67342 /* Model */,
				1291D2AC1994B43F00E67342 /* View */,
				1291D28C1994ACE800E67342 /* PTAppDelegate.h */,
				1291D28D1994ACE800E67342 /* PTAppDelegate.m */,
				1291D28F1994ACE800E67342 /* Images.xcassets */,
				1291D2841994ACE800E67342 /* Supporting Files */,
			);
			path = Nothing;
			sourceTree = "<group>";
		};
		1291D2841994ACE800E67342 /* Supporting Files */ = {
			isa = PBXGroup;
			children = (
				1291D2851994ACE800E67342 /* Nothing-Info.plist */,
				1291D2861994ACE800E67342 /* InfoPlist.strings */,
				1291D2891994ACE800E67342 /* main.m */,
				1291D28B1994ACE800E67342 /* Nothing-Prefix.pch */,
			);
			name = "Supporting Files";
			sourceTree = "<group>";
		};
		1291D29C1994ACE800E67342 /* NothingTests */ = {
			isa = PBXGroup;
			children = (
				1291D2A21994ACE800E67342 /* NothingTests.m */,
				1291D29D1994ACE800E67342 /* Supporting Files */,
			);
			path = NothingTests;
			sourceTree = "<group>";
		};
		1291D29D1994ACE800E67342 /* Supporting Files */ = {
			isa = PBXGroup;
			children = (
				1291D29E1994ACE800E67342 /* NothingTests-Info.plist */,
				1291D29F1994ACE800E67342 /* InfoPlist.strings */,
			);
			name = "Supporting Files";
			sourceTree = "<group>";
		};
		1291D2AC1994B43F00E67342 /* View */ = {
			isa = PBXGroup;
			children = (
			);
			name = View;
			sourceTree = "<group>";
		};
		1291D2AD1994B44600E67342 /* Model */ = {
			isa = PBXGroup;
			children = (
			);
			name = Model;
			sourceTree = "<group>";
		};
		1291D2AE1994B44D00E67342 /* Controller */ = {
			isa = PBXGroup;
			children = (
				1291D2B01994B47800E67342 /* PTMapViewController.h */,
				1291D2B11994B47800E67342 /* PTMapViewController.m */,
			);
			name = Controller;
			sourceTree = "<group>";
		};
		1291D2AF1994B45A00E67342 /* ThirdLib */ = {
			isa = PBXGroup;
			children = (
				1291D2C71994B57E00E67342 /* AMap.bundle */,
			);
			name = ThirdLib;
			sourceTree = "<group>";
		};
/* End PBXGroup section */

/* Begin PBXNativeTarget section */
		1291D2791994ACE800E67342 /* Nothing */ = {
			isa = PBXNativeTarget;
			buildConfigurationList = 1291D2A61994ACE800E67342 /* Build configuration list for PBXNativeTarget "Nothing" */;
			buildPhases = (
				1291D2761994ACE800E67342 /* Sources */,
				1291D2771994ACE800E67342 /* Frameworks */,
				1291D2781994ACE800E67342 /* Resources */,
			);
			buildRules = (
			);
			dependencies = (
			);
			name = Nothing;
			productName = Nothing;
			productReference = 1291D27A1994ACE800E67342 /* Nothing.app */;
			productType = "com.apple.product-type.application";
		};
		1291D2941994ACE800E67342 /* NothingTests */ = {
			isa = PBXNativeTarget;
			buildConfigurationList = 1291D2A91994ACE800E67342 /* Build configuration list for PBXNativeTarget "NothingTests" */;
			buildPhases = (
				1291D2911994ACE800E67342 /* Sources */,
				1291D2921994ACE800E67342 /* Frameworks */,
				1291D2931994ACE800E67342 /* Resources */,
			);
			buildRules = (
			);
			dependencies = (
				1291D29B1994ACE800E67342 /* PBXTargetDependency */,
			);
			name = NothingTests;
			productName = NothingTests;
			productReference = 1291D2951994ACE800E67342 /* NothingTests.xctest */;
			productType = "com.apple.product-type.bundle.unit-test";
		};
/* End PBXNativeTarget section */

/* Begin PBXProject section */
		1291D2721994ACE800E67342 /* Project object */ = {
			isa = PBXProject;
			attributes = {
				CLASSPREFIX = PT;
				LastUpgradeCheck = 0510;
				ORGANIZATIONNAME = dw;
				TargetAttributes = {
					1291D2941994ACE800E67342 = {
						TestTargetID = 1291D2791994ACE800E67342;
					};
				};
			};
			buildConfigurationList = 1291D2751994ACE800E67342 /* Build configuration list for PBXProject "Nothing" */;
			compatibilityVersion = "Xcode 3.2";
			developmentRegion = English;
			hasScannedForEncodings = 0;
			knownRegions = (
				en,
			);
			mainGroup = 1291D2711994ACE800E67342;
			productRefGroup = 1291D27B1994ACE800E67342 /* Products */;
			projectDirPath = "";
			projectRoot = "";
			targets = (
				1291D2791994ACE800E67342 /* Nothing */,
				1291D2941994ACE800E67342 /* NothingTests */,
			);
		};
/* End PBXProject section */

/* Begin PBXResourcesBuildPhase section */
		1291D2781994ACE800E67342 /* Resources */ = {
			isa = PBXResourcesBuildPhase;
			buildActionMask = 2147483647;
			files = (
				1291D2C81994B57E00E67342 /* AMap.bundle in Resources */,
				1291D2881994ACE800E67342 /* InfoPlist.strings in Resources */,
				1291D2901994ACE800E67342 /* Images.xcassets in Resources */,
			);
			runOnlyForDeploymentPostprocessing = 0;
		};
		1291D2931994ACE800E67342 /* Resources */ = {
			isa = PBXResourcesBuildPhase;
			buildActionMask = 2147483647;
			files = (
				1291D2A11994ACE800E67342 /* InfoPlist.strings in Resources */,
			);
			runOnlyForDeploymentPostprocessing = 0;
		};
/* End PBXResourcesBuildPhase section */

/* Begin PBXSourcesBuildPhase section */
		1291D2761994ACE800E67342 /* Sources */ = {
			isa = PBXSourcesBuildPhase;
			buildActionMask = 2147483647;
			files = (
				1291D28E1994ACE800E67342 /* PTAppDelegate.m in Sources */,
				1291D28A1994ACE800E67342 /* main.m in Sources */,
				1291D2B21994B47800E67342 /* PTMapViewController.m in Sources */,
			);
			runOnlyForDeploymentPostprocessing = 0;
		};
		1291D2911994ACE800E67342 /* Sources */ = {
			isa = PBXSourcesBuildPhase;
			buildActionMask = 2147483647;
			files = (
				1291D2A31994ACE800E67342 /* NothingTests.m in Sources */,
			);
			runOnlyForDeploymentPostprocessing = 0;
		};
/* End PBXSourcesBuildPhase section */

/* Begin PBXTargetDependency section */
		1291D29B1994ACE800E67342 /* PBXTargetDependency */ = {
			isa = PBXTargetDependency;
			target = 1291D2791994ACE800E67342 /* Nothing */;
			targetProxy = 1291D29A1994ACE800E67342 /* PBXContainerItemProxy */;
		};
/* End PBXTargetDependency section */

/* Begin PBXVariantGroup section */
		1291D2861994ACE800E67342 /* InfoPlist.strings */ = {
			isa = PBXVariantGroup;
			children = (
				1291D2871994ACE800E67342 /* en */,
			);
			name = InfoPlist.strings;
			sourceTree = "<group>";
		};
		1291D29F1994ACE800E67342 /* InfoPlist.strings */ = {
			isa = PBXVariantGroup;
			children = (
				1291D2A01994ACE800E67342 /* en */,
			);
			name = InfoPlist.strings;
			sourceTree = "<group>";
		};
/* End PBXVariantGroup section */

/* Begin XCBuildConfiguration section */
		1291D2A41994ACE800E67342 /* Debug */ = {
			isa = XCBuildConfiguration;
			buildSettings = {
				ALWAYS_SEARCH_USER_PATHS = NO;
				CLANG_CXX_LANGUAGE_STANDARD = "gnu++0x";
				CLANG_CXX_LIBRARY = "libc++";
				CLANG_ENABLE_MODULES = YES;
				CLANG_ENABLE_OBJC_ARC = YES;
				CLANG_WARN_BOOL_CONVERSION = YES;
				CLANG_WARN_CONSTANT_CONVERSION = YES;
				CLANG_WARN_DIRECT_OBJC_ISA_USAGE = YES_ERROR;
				CLANG_WARN_EMPTY_BODY = YES;
				CLANG_WARN_ENUM_CONVERSION = YES;
				CLANG_WARN_INT_CONVERSION = YES;
				CLANG_WARN_OBJC_ROOT_CLASS = YES_ERROR;
				CLANG_WARN__DUPLICATE_METHOD_MATCH = YES;
				"CODE_SIGN_IDENTITY[sdk=iphoneos*]" = "iPhone Developer";
				COPY_PHASE_STRIP = NO;
				GCC_C_LANGUAGE_STANDARD = gnu99;
				GCC_DYNAMIC_NO_PIC = NO;
				GCC_OPTIMIZATION_LEVEL = 0;
				GCC_PREPROCESSOR_DEFINITIONS = (
					"DEBUG=1",
					"$(inherited)",
				);
				GCC_SYMBOLS_PRIVATE_EXTERN = NO;
				GCC_WARN_64_TO_32_BIT_CONVERSION = YES;
				GCC_WARN_ABOUT_RETURN_TYPE = YES_ERROR;
				GCC_WARN_UNDECLARED_SELECTOR = YES;
				GCC_WARN_UNINITIALIZED_AUTOS = YES_AGGRESSIVE;
				GCC_WARN_UNUSED_FUNCTION = YES;
				GCC_WARN_UNUSED_VARIABLE = YES;
				IPHONEOS_DEPLOYMENT_TARGET = 7.1;
				ONLY_ACTIVE_ARCH = YES;
				SDKROOT = iphoneos;
				TARGETED_DEVICE_FAMILY = "1,2";
			};
			name = Debug;
		};
		1291D2A51994ACE800E67342 /* Release */ = {
			isa = XCBuildConfiguration;
			buildSettings = {
				ALWAYS_SEARCH_USER_PATHS = NO;
				CLANG_CXX_LANGUAGE_STANDARD = "gnu++0x";
				CLANG_CXX_LIBRARY = "libc++";
				CLANG_ENABLE_MODULES = YES;
				CLANG_ENABLE_OBJC_ARC = YES;
				CLANG_WARN_BOOL_CONVERSION = YES;
				CLANG_WARN_CONSTANT_CONVERSION = YES;
				CLANG_WARN_DIRECT_OBJC_ISA_USAGE = YES_ERROR;
				CLANG_WARN_EMPTY_BODY = YES;
				CLANG_WARN_ENUM_CONVERSION = YES;
				CLANG_WARN_INT_CONVERSION = YES;
				CLANG_WARN_OBJC_ROOT_CLASS = YES_ERROR;
				CLANG_WARN__DUPLICATE_METHOD_MATCH = YES;
				"CODE_SIGN_IDENTITY[sdk=iphoneos*]" = "iPhone Developer";
				COPY_PHASE_STRIP = YES;
				ENABLE_NS_ASSERTIONS = NO;
				GCC_C_LANGUAGE_STANDARD = gnu99;
				GCC_WARN_64_TO_32_BIT_CONVERSION = YES;
				GCC_WARN_ABOUT_RETURN_TYPE = YES_ERROR;
				GCC_WARN_UNDECLARED_SELECTOR = YES;
				GCC_WARN_UNINITIALIZED_AUTOS = YES_AGGRESSIVE;
				GCC_WARN_UNUSED_FUNCTION = YES;
				GCC_WARN_UNUSED_VARIABLE = YES;
				IPHONEOS_DEPLOYMENT_TARGET = 7.1;
				SDKROOT = iphoneos;
				TARGETED_DEVICE_FAMILY = "1,2";
				VALIDATE_PRODUCT = YES;
			};
			name = Release;
		};
		1291D2A71994ACE800E67342 /* Debug */ = {
			isa = XCBuildConfiguration;
			buildSettings = {
				ASSETCATALOG_COMPILER_APPICON_NAME = AppIcon;
				ASSETCATALOG_COMPILER_LAUNCHIMAGE_NAME = LaunchImage;
				FRAMEWORK_SEARCH_PATHS = (
					"$(inherited)",
					/Users/yunzhongyang/Desktop/AMap_iOS_API_Lib_V2.2.1/2D,
					/Users/yunzhongyang/Desktop/AMap_iOS_API_Lib_V2.2.1/Search,
				);
				GCC_PRECOMPILE_PREFIX_HEADER = YES;
				GCC_PREFIX_HEADER = "Nothing/Nothing-Prefix.pch";
				INFOPLIST_FILE = "Nothing/Nothing-Info.plist";
				PRODUCT_NAME = "$(TARGET_NAME)";
				TARGETED_DEVICE_FAMILY = 1;
				WRAPPER_EXTENSION = app;
			};
			name = Debug;
		};
		1291D2A81994ACE800E67342 /* Release */ = {
			isa = XCBuildConfiguration;
			buildSettings = {
				ASSETCATALOG_COMPILER_APPICON_NAME = AppIcon;
				ASSETCATALOG_COMPILER_LAUNCHIMAGE_NAME = LaunchImage;
				FRAMEWORK_SEARCH_PATHS = (
					"$(inherited)",
					/Users/yunzhongyang/Desktop/AMap_iOS_API_Lib_V2.2.1/2D,
					/Users/yunzhongyang/Desktop/AMap_iOS_API_Lib_V2.2.1/Search,
				);
				GCC_PRECOMPILE_PREFIX_HEADER = YES;
				GCC_PREFIX_HEADER = "Nothing/Nothing-Prefix.pch";
				INFOPLIST_FILE = "Nothing/Nothing-Info.plist";
				PRODUCT_NAME = "$(TARGET_NAME)";
				TARGETED_DEVICE_FAMILY = 1;
				WRAPPER_EXTENSION = app;
			};
			name = Release;
		};
		1291D2AA1994ACE800E67342 /* Debug */ = {
			isa = XCBuildConfiguration;
			buildSettings = {
				BUNDLE_LOADER = "$(BUILT_PRODUCTS_DIR)/Nothing.app/Nothing";
				FRAMEWORK_SEARCH_PATHS = (
					"$(SDKROOT)/Developer/Library/Frameworks",
					"$(inherited)",
					"$(DEVELOPER_FRAMEWORKS_DIR)",
				);
				GCC_PRECOMPILE_PREFIX_HEADER = YES;
				GCC_PREFIX_HEADER = "Nothing/Nothing-Prefix.pch";
				GCC_PREPROCESSOR_DEFINITIONS = (
					"DEBUG=1",
					"$(inherited)",
				);
				INFOPLIST_FILE = "NothingTests/NothingTests-Info.plist";
				PRODUCT_NAME = "$(TARGET_NAME)";
				TEST_HOST = "$(BUNDLE_LOADER)";
				WRAPPER_EXTENSION = xctest;
			};
			name = Debug;
		};
		1291D2AB1994ACE800E67342 /* Release */ = {
			isa = XCBuildConfiguration;
			buildSettings = {
				BUNDLE_LOADER = "$(BUILT_PRODUCTS_DIR)/Nothing.app/Nothing";
				FRAMEWORK_SEARCH_PATHS = (
					"$(SDKROOT)/Developer/Library/Frameworks",
					"$(inherited)",
					"$(DEVELOPER_FRAMEWORKS_DIR)",
				);
				GCC_PRECOMPILE_PREFIX_HEADER = YES;
				GCC_PREFIX_HEADER = "Nothing/Nothing-Prefix.pch";
				INFOPLIST_FILE = "NothingTests/NothingTests-Info.plist";
				PRODUCT_NAME = "$(TARGET_NAME)";
				TEST_HOST = "$(BUNDLE_LOADER)";
				WRAPPER_EXTENSION = xctest;
			};
			name = Release;
		};
/* End XCBuildConfiguration section */

/* Begin XCConfigurationList section */
		1291D2751994ACE800E67342 /* Build configuration list for PBXProject "Nothing" */ = {
			isa = XCConfigurationList;
			buildConfigurations = (
				1291D2A41994ACE800E67342 /* Debug */,
				1291D2A51994ACE800E67342 /* Release */,
			);
			defaultConfigurationIsVisible = 0;
			defaultConfigurationName = Release;
		};
		1291D2A61994ACE800E67342 /* Build configuration list for PBXNativeTarget "Nothing" */ = {
			isa = XCConfigurationList;
			buildConfigurations = (
				1291D2A71994ACE800E67342 /* Debug */,
				1291D2A81994ACE800E67342 /* Release */,
			);
			defaultConfigurationIsVisible = 0;
		};
		1291D2A91994ACE800E67342 /* Build configuration list for PBXNativeTarget "NothingTests" */ = {
			isa = XCConfigurationList;
			buildConfigurations = (
				1291D2AA1994ACE800E67342 /* Debug */,
				1291D2AB1994ACE800E67342 /* Release */,
			);
			defaultConfigurationIsVisible = 0;
		};
/* End XCConfigurationList section */
	};
	rootObject = 1291D2721994ACE800E67342 /* Project object */;
}
